
Microsoft Visual Studio Solution File, Format Version 12.00
# Visual Studio Version 16
VisualStudioVersion = 16.0.31205.134
MinimumVisualStudioVersion = 10.0.40219.1
Project("{FAE04EC0-301F-11D3-BF4B-00C04F79EFBC}") = "AddTwoNumbers", "AddTwoNumbers\AddTwoNumbers.csproj", "{732C5228-F4D5-4FD2-B03A-4256D243FEB3}"
EndProject
Project("{FAE04EC0-301F-11D3-BF4B-00C04F79EFBC}") = "UnitTestProject1", "UnitTestProject1\UnitTestProject1.csproj", "{5789A672-D11B-4D4A-8964-349712695048}"
EndProject
Global
	GlobalSection(SolutionConfigurationPlatforms) = preSolution
		Debug|Any CPU = Debug|Any CPU
		Release|Any CPU = Release|Any CPU
	EndGlobalSection
	GlobalSection(ProjectConfigurationPlatforms) = postSolution
		{732C5228-F4D5-4FD2-B03A-4256D243FEB3}.Debug|Any CPU.ActiveCfg = Debug|Any CPU
		{732C5228-F4D5-4FD2-B03A-4256D243FEB3}.Debug|Any CPU.Build.0 = Debug|Any CPU
		{732C5228-F4D5-4FD2-B03A-4256D243FEB3}.Release|Any CPU.ActiveCfg = Release|Any CPU
		{732C5228-F4D5-4FD2-B03A-4256D243FEB3}.Release|Any CPU.Build.0 = Release|Any CPU
		{5789A672-D11B-4D4A-8964-349712695048}.Debug|Any CPU.ActiveCfg = Debug|Any CPU
		{5789A672-D11B-4D4A-8964-349712695048}.Debug|Any CPU.Build.0 = Debug|Any CPU
		{5789A672-D11B-4D4A-8964-349712695048}.Release|Any CPU.ActiveCfg = Release|Any CPU
		{5789A672-D11B-4D4A-8964-349712695048}.Release|Any CPU.Build.0 = Release|Any CPU
	EndGlobalSection
	GlobalSection(SolutionProperties) = preSolution
		HideSolutionNode = FALSE
	EndGlobalSection
	GlobalSection(ExtensibilityGlobals) = postSolution
		SolutionGuid = {AA5E8375-CEB7-43F3-9E32-0F8872D6F61A}
	EndGlobalSection
EndGlobal
